<?xml version="1.0" encoding="utf-8"?>
<Project ToolsVersion="4.0" xmlns="http://schemas.microsoft.com/developer/msbuild/2003">
  <ItemGroup>
    <Filter Include="Source Files">
      <UniqueIdentifier>{4FC737F1-C7A5-4376-A066-2A32D752A2FF}</UniqueIdentifier>
      <Extensions>cpp;cxx;c;def</Extensions>
    </Filter>
    <Filter Include="Header Files">
      <UniqueIdentifier>{93995380-89BD-4b04-88EB-625FBE52EBFB}</UniqueIdentifier>
      <Extensions>h</Extensions>
    </Filter>
    <Filter Include="Form Files">
      <UniqueIdentifier>{99349809-55BA-4b9d-BF79-8FDBB0286EB3}</UniqueIdentifier>
      <Extensions>ui</Extensions>
    </Filter>
    <Filter Include="Generated Files">
      <UniqueIdentifier>{71ED8ED8-ACB9-4CE9-BBE1-E00B30144E11}</UniqueIdentifier>
      <Extensions>moc;h;cpp</Extensions>
      <SourceControlFiles>False</SourceControlFiles>
    </Filter>
    <Filter Include="Generated Files\Debug">
      <UniqueIdentifier>{57ca5dd0-ceaf-4d5f-ab5d-5db656fee042}</UniqueIdentifier>
      <Extensions>cpp;moc</Extensions>
      <SourceControlFiles>False</SourceControlFiles>
    </Filter>
    <Filter Include="Generated Files\Release">
      <UniqueIdentifier>{aa0f0535-5b6a-4633-8c5e-62ec11637fbf}</UniqueIdentifier>
      <Extensions>cpp;moc</Extensions>
      <SourceControlFiles>False</SourceControlFiles>
    </Filter>
    <Filter Include="Header Files\Widgets">
      <UniqueIdentifier>{57989377-9ca5-493c-a131-e7889a80f3e5}</UniqueIdentifier>
    </Filter>
    <Filter Include="Source Files\Widgets">
      <UniqueIdentifier>{cc6cfa27-bb71-4406-b196-1e87cd90d53c}</UniqueIdentifier>
    </Filter>
    <Filter Include="Source Files\Layers">
      <UniqueIdentifier>{0e2a08e0-4899-4b79-b19c-bcfa08bc331c}</UniqueIdentifier>
    </Filter>
    <Filter Include="Header Files\Layers">
      <UniqueIdentifier>{6f1c2c14-5a8a-496f-aebb-5e6982bcc0c7}</UniqueIdentifier>
    </Filter>
    <Filter Include="Header Files\Wizards">
      <UniqueIdentifier>{a21dc741-a1d8-43c3-8b2f-b1fe6af58a58}</UniqueIdentifier>
    </Filter>
    <Filter Include="Source Files\Wizards">
      <UniqueIdentifier>{045cbbb0-bbb5-4285-af5a-12e19b41acb2}</UniqueIdentifier>
    </Filter>
    <Filter Include="Form Files\Wizards">
      <UniqueIdentifier>{0accdc1d-726a-481c-b8f2-c378a65d181a}</UniqueIdentifier>
    </Filter>
    <Filter Include="Form Files\Layers">
      <UniqueIdentifier>{0265cda7-4838-428c-b97c-0f55a245eddd}</UniqueIdentifier>
    </Filter>
  </ItemGroup>
  <ItemGroup>
    <ClCompile Include="main.cpp">
      <Filter>Source Files</Filter>
    </ClCompile>
    <ClCompile Include="mainwindow.cpp">
      <Filter>Source Files</Filter>
    </ClCompile>
    <ClCompile Include="GeneratedFiles\Debug\moc_mainwindow.cpp">
      <Filter>Generated Files\Debug</Filter>
    </ClCompile>
    <ClCompile Include="GeneratedFiles\Release\moc_mainwindow.cpp">
      <Filter>Generated Files\Release</Filter>
    </ClCompile>
    <ClCompile Include="application.cpp">
      <Filter>Source Files</Filter>
    </ClCompile>
    <ClCompile Include="GeneratedFiles\Debug\moc_application.cpp">
      <Filter>Generated Files\Debug</Filter>
    </ClCompile>
    <ClCompile Include="GeneratedFiles\Release\moc_application.cpp">
      <Filter>Generated Files\Release</Filter>
    </ClCompile>
    <ClCompile Include="logfilemanager.cpp">
      <Filter>Source Files</Filter>
    </ClCompile>
    <ClCompile Include="appsettings.cpp">
      <Filter>Source Files</Filter>
    </ClCompile>
    <ClCompile Include="stylehelper.cpp">
      <Filter>Source Files</Filter>
    </ClCompile>
    <ClCompile Include="GeneratedFiles\Debug\moc_styledmenubar.cpp">
      <Filter>Generated Files\Debug</Filter>
    </ClCompile>
    <ClCompile Include="GeneratedFiles\Release\moc_styledmenubar.cpp">
      <Filter>Generated Files\Release</Filter>
    </ClCompile>
    <ClCompile Include="Pages\mainpage.cpp">
      <Filter>Source Files</Filter>
    </ClCompile>
    <ClCompile Include="GeneratedFiles\Debug\moc_mainpage.cpp">
      <Filter>Generated Files\Debug</Filter>
    </ClCompile>
    <ClCompile Include="GeneratedFiles\Release\moc_mainpage.cpp">
      <Filter>Generated Files\Release</Filter>
    </ClCompile>
    <ClCompile Include="GeneratedFiles\Debug\moc_borderspacer.cpp">
      <Filter>Generated Files\Debug</Filter>
    </ClCompile>
    <ClCompile Include="GeneratedFiles\Release\moc_borderspacer.cpp">
      <Filter>Generated Files\Release</Filter>
    </ClCompile>
    <ClCompile Include="GeneratedFiles\Debug\moc_styledbutton.cpp">
      <Filter>Generated Files\Debug</Filter>
    </ClCompile>
    <ClCompile Include="GeneratedFiles\Release\moc_styledbutton.cpp">
      <Filter>Generated Files\Release</Filter>
    </ClCompile>
    <ClCompile Include="GeneratedFiles\Debug\moc_styledbar.cpp">
      <Filter>Generated Files\Debug</Filter>
    </ClCompile>
    <ClCompile Include="GeneratedFiles\Release\moc_styledbar.cpp">
      <Filter>Generated Files\Release</Filter>
    </ClCompile>
    <ClCompile Include="sortablewidget.cpp">
      <Filter>Source Files</Filter>
    </ClCompile>
    <ClCompile Include="GeneratedFiles\Debug\moc_sortableview.cpp">
      <Filter>Generated Files\Debug</Filter>
    </ClCompile>
    <ClCompile Include="GeneratedFiles\Release\moc_sortableview.cpp">
      <Filter>Generated Files\Release</Filter>
    </ClCompile>
    <ClCompile Include="GeneratedFiles\Debug\moc_styledsortablebar.cpp">
      <Filter>Generated Files\Debug</Filter>
    </ClCompile>
    <ClCompile Include="GeneratedFiles\Release\moc_styledsortablebar.cpp">
      <Filter>Generated Files\Release</Filter>
    </ClCompile>
    <ClCompile Include="GeneratedFiles\Debug\moc_styledtogglebutton.cpp">
      <Filter>Generated Files\Debug</Filter>
    </ClCompile>
    <ClCompile Include="GeneratedFiles\Release\moc_styledtogglebutton.cpp">
      <Filter>Generated Files\Release</Filter>
    </ClCompile>
    <ClCompile Include="GeneratedFiles\Debug\moc_zoomslider.cpp">
      <Filter>Generated Files\Debug</Filter>
    </ClCompile>
    <ClCompile Include="GeneratedFiles\Release\moc_zoomslider.cpp">
      <Filter>Generated Files\Release</Filter>
    </ClCompile>
    <ClCompile Include="GeneratedFiles\Debug\moc_unitlineedit.cpp">
      <Filter>Generated Files\Debug</Filter>
    </ClCompile>
    <ClCompile Include="GeneratedFiles\Release\moc_unitlineedit.cpp">
      <Filter>Generated Files\Release</Filter>
    </ClCompile>
    <ClCompile Include="GeneratedFiles\Debug\moc_graphicswidget.cpp">
      <Filter>Generated Files\Debug</Filter>
    </ClCompile>
    <ClCompile Include="GeneratedFiles\Release\moc_graphicswidget.cpp">
      <Filter>Generated Files\Release</Filter>
    </ClCompile>
    <ClCompile Include="GeneratedFiles\Debug\moc_d3dwidget.cpp">
      <Filter>Generated Files\Debug</Filter>
    </ClCompile>
    <ClCompile Include="GeneratedFiles\Release\moc_d3dwidget.cpp">
      <Filter>Generated Files\Release</Filter>
    </ClCompile>
    <ClCompile Include="Widgets\borderspacer.cpp">
      <Filter>Source Files\Widgets</Filter>
    </ClCompile>
    <ClCompile Include="Widgets\d3dwidget.cpp">
      <Filter>Source Files\Widgets</Filter>
    </ClCompile>
    <ClCompile Include="Widgets\graphicswidget.cpp">
      <Filter>Source Files\Widgets</Filter>
    </ClCompile>
    <ClCompile Include="Widgets\sortableview.cpp">
      <Filter>Source Files\Widgets</Filter>
    </ClCompile>
    <ClCompile Include="Widgets\styledbutton.cpp">
      <Filter>Source Files\Widgets</Filter>
    </ClCompile>
    <ClCompile Include="Widgets\styledmenubar.cpp">
      <Filter>Source Files\Widgets</Filter>
    </ClCompile>
    <ClCompile Include="Widgets\styledsortablebar.cpp">
      <Filter>Source Files\Widgets</Filter>
    </ClCompile>
    <ClCompile Include="Widgets\styledtogglebutton.cpp">
      <Filter>Source Files\Widgets</Filter>
    </ClCompile>
    <ClCompile Include="Widgets\unitlineedit.cpp">
      <Filter>Source Files\Widgets</Filter>
    </ClCompile>
    <ClCompile Include="Widgets\zoomslider.cpp">
      <Filter>Source Files\Widgets</Filter>
    </ClCompile>
    <ClCompile Include="GeneratedFiles\qrc_MishiraApp.cpp">
      <Filter>Generated Files</Filter>
    </ClCompile>
    <ClCompile Include="profile.cpp">
      <Filter>Source Files</Filter>
    </ClCompile>
    <ClCompile Include="GeneratedFiles\Debug\moc_profile.cpp">
      <Filter>Generated Files\Debug</Filter>
    </ClCompile>
    <ClCompile Include="GeneratedFiles\Release\moc_profile.cpp">
      <Filter>Generated Files\Release</Filter>
    </ClCompile>
    <ClCompile Include="Layers\colorlayer.cpp">
      <Filter>Source Files\Layers</Filter>
    </ClCompile>
    <ClCompile Include="GeneratedFiles\Debug\moc_colorlayerdialog.cpp">
      <Filter>Generated Files\Debug</Filter>
    </ClCompile>
    <ClCompile Include="GeneratedFiles\Release\moc_colorlayerdialog.cpp">
      <Filter>Generated Files\Release</Filter>
    </ClCompile>
    <ClCompile Include="Widgets\colorbutton.cpp">
      <Filter>Source Files\Widgets</Filter>
    </ClCompile>
    <ClCompile Include="Layers\colorlayerdialog.cpp">
      <Filter>Source Files\Layers</Filter>
    </ClCompile>
    <ClCompile Include="GeneratedFiles\Debug\moc_colorbutton.cpp">
      <Filter>Generated Files\Debug</Filter>
    </ClCompile>
    <ClCompile Include="GeneratedFiles\Release\moc_colorbutton.cpp">
      <Filter>Generated Files\Release</Filter>
    </ClCompile>
    <ClCompile Include="GeneratedFiles\Debug\moc_editablelabel.cpp">
      <Filter>Generated Files\Debug</Filter>
    </ClCompile>
    <ClCompile Include="GeneratedFiles\Release\moc_editablelabel.cpp">
      <Filter>Generated Files\Release</Filter>
    </ClCompile>
    <ClCompile Include="Layers\imagelayer.cpp">
      <Filter>Source Files\Layers</Filter>
    </ClCompile>
    <ClCompile Include="Layers\imagelayerdialog.cpp">
      <Filter>Source Files\Layers</Filter>
    </ClCompile>
    <ClCompile Include="GeneratedFiles\Debug\moc_imagelayerdialog.cpp">
      <Filter>Generated Files\Debug</Filter>
    </ClCompile>
    <ClCompile Include="GeneratedFiles\Release\moc_imagelayerdialog.cpp">
      <Filter>Generated Files\Release</Filter>
    </ClCompile>
    <ClCompile Include="videoencoder.cpp">
      <Filter>Source Files</Filter>
    </ClCompile>
    <ClCompile Include="GeneratedFiles\Debug\moc_videoencoder.cpp">
      <Filter>Generated Files\Debug</Filter>
    </ClCompile>
    <ClCompile Include="GeneratedFiles\Release\moc_videoencoder.cpp">
      <Filter>Generated Files\Release</Filter>
    </ClCompile>
    <ClCompile Include="encodedpacket.cpp">
      <Filter>Source Files</Filter>
    </ClCompile>
    <ClCompile Include="encodedframe.cpp">
      <Filter>Source Files</Filter>
    </ClCompile>
    <ClCompile Include="x264encoder.cpp">
      <Filter>Source Files</Filter>
    </ClCompile>
    <ClCompile Include="GeneratedFiles\Debug\moc_x264encoder.cpp">
      <Filter>Generated Files\Debug</Filter>
    </ClCompile>
    <ClCompile Include="GeneratedFiles\Release\moc_x264encoder.cpp">
      <Filter>Generated Files\Release</Filter>
    </ClCompile>
    <ClCompile Include="scaler.cpp">
      <Filter>Source Files</Filter>
    </ClCompile>
    <ClCompile Include="GeneratedFiles\Debug\moc_scaler.cpp">
      <Filter>Generated Files\Debug</Filter>
    </ClCompile>
    <ClCompile Include="GeneratedFiles\Release\moc_scaler.cpp">
      <Filter>Generated Files\Release</Filter>
    </ClCompile>
    <ClCompile Include="GeneratedFiles\Debug\moc_targetpane.cpp">
      <Filter>Generated Files\Debug</Filter>
    </ClCompile>
    <ClCompile Include="GeneratedFiles\Release\moc_targetpane.cpp">
      <Filter>Generated Files\Release</Filter>
    </ClCompile>
    <ClCompile Include="GeneratedFiles\Debug\moc_liveindicator.cpp">
      <Filter>Generated Files\Debug</Filter>
    </ClCompile>
    <ClCompile Include="GeneratedFiles\Release\moc_liveindicator.cpp">
      <Filter>Generated Files\Release</Filter>
    </ClCompile>
    <ClCompile Include="target.cpp">
      <Filter>Source Files</Filter>
    </ClCompile>
    <ClCompile Include="GeneratedFiles\Debug\moc_target.cpp">
      <Filter>Generated Files\Debug</Filter>
    </ClCompile>
    <ClCompile Include="GeneratedFiles\Release\moc_target.cpp">
      <Filter>Generated Files\Release</Filter>
    </ClCompile>
    <ClCompile Include="filetarget.cpp">
      <Filter>Source Files</Filter>
    </ClCompile>
    <ClCompile Include="GeneratedFiles\Debug\moc_filetarget.cpp">
      <Filter>Generated Files\Debug</Filter>
    </ClCompile>
    <ClCompile Include="GeneratedFiles\Release\moc_filetarget.cpp">
      <Filter>Generated Files\Release</Filter>
    </ClCompile>
    <ClCompile Include="common.cpp">
      <Filter>Source Files</Filter>
    </ClCompile>
    <ClCompile Include="wizardwindow.cpp">
      <Filter>Source Files</Filter>
    </ClCompile>
    <ClCompile Include="GeneratedFiles\Debug\moc_wizardwindow.cpp">
      <Filter>Generated Files\Debug</Filter>
    </ClCompile>
    <ClCompile Include="GeneratedFiles\Release\moc_wizardwindow.cpp">
      <Filter>Generated Files\Release</Filter>
    </ClCompile>
    <ClCompile Include="Widgets\editablelabel.cpp">
      <Filter>Source Files\Widgets</Filter>
    </ClCompile>
    <ClCompile Include="wizardcontroller.cpp">
      <Filter>Source Files</Filter>
    </ClCompile>
    <ClCompile Include="GeneratedFiles\Debug\moc_wizardcontroller.cpp">
      <Filter>Generated Files\Debug</Filter>
    </ClCompile>
    <ClCompile Include="GeneratedFiles\Release\moc_wizardcontroller.cpp">
      <Filter>Generated Files\Release</Filter>
    </ClCompile>
    <ClCompile Include="Wizards\edittargetscontroller.cpp">
      <Filter>Source Files\Wizards</Filter>
    </ClCompile>
    <ClCompile Include="GeneratedFiles\Debug\moc_edittargetscontroller.cpp">
      <Filter>Generated Files\Debug</Filter>
    </ClCompile>
    <ClCompile Include="GeneratedFiles\Release\moc_edittargetscontroller.cpp">
      <Filter>Generated Files\Release</Filter>
    </ClCompile>
    <ClCompile Include="GeneratedFiles\Debug\moc_targetlistpage.cpp">
      <Filter>Generated Files\Debug</Filter>
    </ClCompile>
    <ClCompile Include="GeneratedFiles\Release\moc_targetlistpage.cpp">
      <Filter>Generated Files\Release</Filter>
    </ClCompile>
    <ClCompile Include="winapplication.cpp">
      <Filter>Source Files</Filter>
    </ClCompile>
    <ClCompile Include="GeneratedFiles\Debug\moc_winapplication.cpp">
      <Filter>Generated Files\Debug</Filter>
    </ClCompile>
    <ClCompile Include="GeneratedFiles\Release\moc_winapplication.cpp">
      <Filter>Generated Files\Release</Filter>
    </ClCompile>
    <ClCompile Include="GeneratedFiles\Debug\moc_windowlayerdialog.cpp">
      <Filter>Generated Files\Debug</Filter>
    </ClCompile>
    <ClCompile Include="Layers\windowlayerdialog.cpp">
      <Filter>Source Files\Layers</Filter>
    </ClCompile>
    <ClCompile Include="Layers\windowlayer.cpp">
      <Filter>Source Files\Layers</Filter>
    </ClCompile>
    <ClCompile Include="GeneratedFiles\Release\moc_windowlayerdialog.cpp">
      <Filter>Generated Files\Release</Filter>
    </ClCompile>
    <ClCompile Include="Wizards\targetlistpage.cpp">
      <Filter>Source Files\Wizards</Filter>
    </ClCompile>
    <ClCompile Include="Wizards\editprofilecontroller.cpp">
      <Filter>Source Files\Wizards</Filter>
    </ClCompile>
    <ClCompile Include="Wizards\editprofilepage.cpp">
      <Filter>Source Files\Wizards</Filter>
    </ClCompile>
    <ClCompile Include="GeneratedFiles\Debug\moc_editprofilepage.cpp">
      <Filter>Generated Files\Debug</Filter>
    </ClCompile>
    <ClCompile Include="GeneratedFiles\Release\moc_editprofilepage.cpp">
      <Filter>Generated Files\Release</Filter>
    </ClCompile>
    <ClCompile Include="GeneratedFiles\Debug\moc_editprofilecontroller.cpp">
      <Filter>Generated Files\Debug</Filter>
    </ClCompile>
    <ClCompile Include="GeneratedFiles\Release\moc_editprofilecontroller.cpp">
      <Filter>Generated Files\Release</Filter>
    </ClCompile>
    <ClCompile Include="GeneratedFiles\Debug\moc_styledframe.cpp">
      <Filter>Generated Files\Debug</Filter>
    </ClCompile>
    <ClCompile Include="GeneratedFiles\Release\moc_styledframe.cpp">
      <Filter>Generated Files\Release</Filter>
    </ClCompile>
    <ClCompile Include="Widgets\styledframe.cpp">
      <Filter>Source Files\Widgets</Filter>
    </ClCompile>
    <ClCompile Include="GeneratedFiles\Debug\moc_newedittargetcontroller.cpp">
      <Filter>Generated Files\Debug</Filter>
    </ClCompile>
    <ClCompile Include="GeneratedFiles\Release\moc_newedittargetcontroller.cpp">
      <Filter>Generated Files\Release</Filter>
    </ClCompile>
    <ClCompile Include="Wizards\newedittargetcontroller.cpp">
      <Filter>Source Files\Wizards</Filter>
    </ClCompile>
    <ClCompile Include="Wizards\videosettingspage.cpp">
      <Filter>Source Files\Wizards</Filter>
    </ClCompile>
    <ClCompile Include="GeneratedFiles\Debug\moc_videosettingspage.cpp">
      <Filter>Generated Files\Debug</Filter>
    </ClCompile>
    <ClCompile Include="GeneratedFiles\Release\moc_videosettingspage.cpp">
      <Filter>Generated Files\Release</Filter>
    </ClCompile>
    <ClCompile Include="validators.cpp">
      <Filter>Source Files</Filter>
    </ClCompile>
    <ClCompile Include="GeneratedFiles\Debug\moc_validators.cpp">
      <Filter>Generated Files\Debug</Filter>
    </ClCompile>
    <ClCompile Include="GeneratedFiles\Release\moc_validators.cpp">
      <Filter>Generated Files\Release</Filter>
    </ClCompile>
    <ClCompile Include="GeneratedFiles\Debug\moc_filetargetsettingspage.cpp">
      <Filter>Generated Files\Debug</Filter>
    </ClCompile>
    <ClCompile Include="GeneratedFiles\Release\moc_filetargetsettingspage.cpp">
      <Filter>Generated Files\Release</Filter>
    </ClCompile>
    <ClCompile Include="Wizards\filetargetsettingspage.cpp">
      <Filter>Source Files\Wizards</Filter>
    </ClCompile>
    <ClCompile Include="fileselectdialog.cpp">
      <Filter>Source Files</Filter>
    </ClCompile>
    <ClCompile Include="GeneratedFiles\Debug\moc_fileselectdialog.cpp">
      <Filter>Generated Files\Debug</Filter>
    </ClCompile>
    <ClCompile Include="GeneratedFiles\Release\moc_fileselectdialog.cpp">
      <Filter>Generated Files\Release</Filter>
    </ClCompile>
    <ClCompile Include="GeneratedFiles\Debug\moc_targettypepage.cpp">
      <Filter>Generated Files\Debug</Filter>
    </ClCompile>
    <ClCompile Include="GeneratedFiles\Release\moc_targettypepage.cpp">
      <Filter>Generated Files\Release</Filter>
    </ClCompile>
    <ClCompile Include="Wizards\targettypepage.cpp">
      <Filter>Source Files\Wizards</Filter>
    </ClCompile>
    <ClCompile Include="Widgets\targettypewidget.cpp">
      <Filter>Source Files\Widgets</Filter>
    </ClCompile>
    <ClCompile Include="GeneratedFiles\Debug\moc_targettypewidget.cpp">
      <Filter>Generated Files\Debug</Filter>
    </ClCompile>
    <ClCompile Include="GeneratedFiles\Release\moc_targettypewidget.cpp">
      <Filter>Generated Files\Release</Filter>
    </ClCompile>
    <ClCompile Include="GeneratedFiles\Debug\moc_styledradiotile.cpp">
      <Filter>Generated Files\Debug</Filter>
    </ClCompile>
    <ClCompile Include="GeneratedFiles\Release\moc_styledradiotile.cpp">
      <Filter>Generated Files\Release</Filter>
    </ClCompile>
    <ClCompile Include="Widgets\styledradiotile.cpp">
      <Filter>Source Files\Widgets</Filter>
    </ClCompile>
    <ClCompile Include="Widgets\targetview.cpp">
      <Filter>Source Files\Widgets</Filter>
    </ClCompile>
    <ClCompile Include="GeneratedFiles\Debug\moc_targetview.cpp">
      <Filter>Generated Files\Debug</Filter>
    </ClCompile>
    <ClCompile Include="GeneratedFiles\Release\moc_targetview.cpp">
      <Filter>Generated Files\Release</Filter>
    </ClCompile>
    <ClCompile Include="Widgets\targetpane.cpp">
      <Filter>Source Files\Widgets</Filter>
    </ClCompile>
    <ClCompile Include="audioinput.cpp">
      <Filter>Source Files</Filter>
    </ClCompile>
    <ClCompile Include="audiomixer.cpp">
      <Filter>Source Files</Filter>
    </ClCompile>
    <ClCompile Include="GeneratedFiles\Debug\moc_audiomixer.cpp">
      <Filter>Generated Files\Debug</Filter>
    </ClCompile>
    <ClCompile Include="GeneratedFiles\Release\moc_audiomixer.cpp">
      <Filter>Generated Files\Release</Filter>
    </ClCompile>
    <ClCompile Include="GeneratedFiles\Debug\moc_audioinput.cpp">
      <Filter>Generated Files\Debug</Filter>
    </ClCompile>
    <ClCompile Include="GeneratedFiles\Release\moc_audioinput.cpp">
      <Filter>Generated Files\Release</Filter>
    </ClCompile>
    <ClCompile Include="audiosegment.cpp">
      <Filter>Source Files</Filter>
    </ClCompile>
    <ClCompile Include="audioencoder.cpp">
      <Filter>Source Files</Filter>
    </ClCompile>
    <ClCompile Include="GeneratedFiles\Debug\moc_audioencoder.cpp">
      <Filter>Generated Files\Debug</Filter>
    </ClCompile>
    <ClCompile Include="GeneratedFiles\Release\moc_audioencoder.cpp">
      <Filter>Generated Files\Release</Filter>
    </ClCompile>
    <ClCompile Include="encodedsegment.cpp">
      <Filter>Source Files</Filter>
    </ClCompile>
    <ClCompile Include="fdkaacencoder.cpp">
      <Filter>Source Files</Filter>
    </ClCompile>
    <ClCompile Include="GeneratedFiles\Debug\moc_fdkaacencoder.cpp">
      <Filter>Generated Files\Debug</Filter>
    </ClCompile>
    <ClCompile Include="GeneratedFiles\Release\moc_fdkaacencoder.cpp">
      <Filter>Generated Files\Release</Filter>
    </ClCompile>
    <ClCompile Include="Wizards\audiosettingspage.cpp">
      <Filter>Source Files\Wizards</Filter>
    </ClCompile>
    <ClCompile Include="GeneratedFiles\Debug\moc_audiosettingspage.cpp">
      <Filter>Generated Files\Debug</Filter>
    </ClCompile>
    <ClCompile Include="GeneratedFiles\Release\moc_audiosettingspage.cpp">
      <Filter>Generated Files\Release</Filter>
    </ClCompile>
    <ClCompile Include="avsynchronizer.cpp">
      <Filter>Source Files</Filter>
    </ClCompile>
    <ClCompile Include="GeneratedFiles\Debug\moc_avsynchronizer.cpp">
      <Filter>Generated Files\Debug</Filter>
    </ClCompile>
    <ClCompile Include="GeneratedFiles\Release\moc_avsynchronizer.cpp">
      <Filter>Generated Files\Release</Filter>
    </ClCompile>
    <ClCompile Include="Widgets\embosswidget.cpp">
      <Filter>Source Files\Widgets</Filter>
    </ClCompile>
    <ClCompile Include="GeneratedFiles\Debug\moc_embosswidget.cpp">
      <Filter>Generated Files\Debug</Filter>
    </ClCompile>
    <ClCompile Include="GeneratedFiles\Release\moc_embosswidget.cpp">
      <Filter>Generated Files\Release</Filter>
    </ClCompile>
    <ClCompile Include="GeneratedFiles\Debug\moc_dialogheader.cpp">
      <Filter>Generated Files\Debug</Filter>
    </ClCompile>
    <ClCompile Include="GeneratedFiles\Release\moc_dialogheader.cpp">
      <Filter>Generated Files\Release</Filter>
    </ClCompile>
    <ClCompile Include="Widgets\dialogheader.cpp">
      <Filter>Source Files\Widgets</Filter>
    </ClCompile>
    <ClCompile Include="audiosourcemanager.cpp">
      <Filter>Source Files</Filter>
    </ClCompile>
    <ClCompile Include="GeneratedFiles\Debug\moc_audiosourcemanager.cpp">
      <Filter>Generated Files\Debug</Filter>
    </ClCompile>
    <ClCompile Include="GeneratedFiles\Release\moc_audiosourcemanager.cpp">
      <Filter>Generated Files\Release</Filter>
    </ClCompile>
    <ClCompile Include="audiosource.cpp">
      <Filter>Source Files</Filter>
    </ClCompile>
    <ClCompile Include="wasapiaudiosource.cpp">
      <Filter>Source Files</Filter>
    </ClCompile>
    <ClCompile Include="GeneratedFiles\Debug\moc_audiosource.cpp">
      <Filter>Generated Files\Debug</Filter>
    </ClCompile>
    <ClCompile Include="GeneratedFiles\Release\moc_audiosource.cpp">
      <Filter>Generated Files\Release</Filter>
    </ClCompile>
    <ClCompile Include="GeneratedFiles\Debug\moc_wasapiaudiosource.cpp">
      <Filter>Generated Files\Debug</Filter>
    </ClCompile>
    <ClCompile Include="GeneratedFiles\Release\moc_wasapiaudiosource.cpp">
      <Filter>Generated Files\Release</Filter>
    </ClCompile>
    <ClCompile Include="resampler.cpp">
      <Filter>Source Files</Filter>
    </ClCompile>
    <ClCompile Include="Widgets\styledbar.cpp">
      <Filter>Source Files\Widgets</Filter>
    </ClCompile>
    <ClCompile Include="GeneratedFiles\Debug\moc_darkstyle.cpp">
      <Filter>Generated Files\Debug</Filter>
    </ClCompile>
    <ClCompile Include="GeneratedFiles\Release\moc_darkstyle.cpp">
      <Filter>Generated Files\Release</Filter>
    </ClCompile>
    <ClCompile Include="darkstyle.cpp">
      <Filter>Source Files</Filter>
    </ClCompile>
    <ClCompile Include="Widgets\visiblecheckbox.cpp">
      <Filter>Source Files\Widgets</Filter>
    </ClCompile>
    <ClCompile Include="GeneratedFiles\Debug\moc_visiblecheckbox.cpp">
      <Filter>Generated Files\Debug</Filter>
    </ClCompile>
    <ClCompile Include="GeneratedFiles\Release\moc_visiblecheckbox.cpp">
      <Filter>Generated Files\Release</Filter>
    </ClCompile>
    <ClCompile Include="Widgets\patternwidgets.cpp">
      <Filter>Source Files\Widgets</Filter>
    </ClCompile>
    <ClCompile Include="GeneratedFiles\Debug\moc_patternwidgets.cpp">
      <Filter>Generated Files\Debug</Filter>
    </ClCompile>
    <ClCompile Include="GeneratedFiles\Release\moc_patternwidgets.cpp">
      <Filter>Generated Files\Release</Filter>
    </ClCompile>
    <ClCompile Include="Widgets\audiopane.cpp">
      <Filter>Source Files\Widgets</Filter>
    </ClCompile>
    <ClCompile Include="GeneratedFiles\Debug\moc_audiopane.cpp">
      <Filter>Generated Files\Debug</Filter>
    </ClCompile>
    <ClCompile Include="GeneratedFiles\Release\moc_audiopane.cpp">
      <Filter>Generated Files\Release</Filter>
    </ClCompile>
    <ClCompile Include="Widgets\audioview.cpp">
      <Filter>Source Files\Widgets</Filter>
    </ClCompile>
    <ClCompile Include="GeneratedFiles\Debug\moc_audioview.cpp">
      <Filter>Generated Files\Debug</Filter>
    </ClCompile>
    <ClCompile Include="GeneratedFiles\Release\moc_audioview.cpp">
      <Filter>Generated Files\Release</Filter>
    </ClCompile>
    <ClCompile Include="Widgets\volumeslider.cpp">
      <Filter>Source Files\Widgets</Filter>
    </ClCompile>
    <ClCompile Include="GeneratedFiles\Debug\moc_volumeslider.cpp">
      <Filter>Generated Files\Debug</Filter>
    </ClCompile>
    <ClCompile Include="GeneratedFiles\Release\moc_volumeslider.cpp">
      <Filter>Generated Files\Release</Filter>
    </ClCompile>
    <ClCompile Include="audioutils.cpp">
      <Filter>Source Files</Filter>
    </ClCompile>
    <ClCompile Include="Widgets\liveindicator.cpp">
      <Filter>Source Files\Widgets</Filter>
    </ClCompile>
    <ClCompile Include="GeneratedFiles\Debug\moc_asyncio.cpp">
      <Filter>Generated Files\Debug</Filter>
    </ClCompile>
    <ClCompile Include="GeneratedFiles\Release\moc_asyncio.cpp">
      <Filter>Generated Files\Release</Filter>
    </ClCompile>
    <ClCompile Include="asyncio.cpp">
      <Filter>Source Files</Filter>
    </ClCompile>
    <ClCompile Include="Layers\textlayer.cpp">
      <Filter>Source Files\Layers</Filter>
    </ClCompile>
    <ClCompile Include="Layers\textlayerdialog.cpp">
      <Filter>Source Files\Layers</Filter>
    </ClCompile>
    <ClCompile Include="GeneratedFiles\Debug\moc_textlayerdialog.cpp">
      <Filter>Generated Files\Debug</Filter>
    </ClCompile>
    <ClCompile Include="GeneratedFiles\Release\moc_textlayerdialog.cpp">
      <Filter>Generated Files\Release</Filter>
    </ClCompile>
    <ClCompile Include="Widgets\colortogglebutton.cpp">
      <Filter>Source Files\Widgets</Filter>
    </ClCompile>
    <ClCompile Include="GeneratedFiles\Debug\moc_colortogglebutton.cpp">
      <Filter>Generated Files\Debug</Filter>
    </ClCompile>
    <ClCompile Include="GeneratedFiles\Release\moc_colortogglebutton.cpp">
      <Filter>Generated Files\Release</Filter>
    </ClCompile>
    <ClCompile Include="GeneratedFiles\Debug\moc_rtmptargetbase.cpp">
      <Filter>Generated Files\Debug</Filter>
    </ClCompile>
    <ClCompile Include="GeneratedFiles\Release\moc_rtmptargetbase.cpp">
      <Filter>Generated Files\Release</Filter>
    </ClCompile>
    <ClCompile Include="rtmptargetbase.cpp">
      <Filter>Source Files</Filter>
    </ClCompile>
    <ClCompile Include="rtmptarget.cpp">
      <Filter>Source Files</Filter>
    </ClCompile>
    <ClCompile Include="GeneratedFiles\Debug\moc_rtmptarget.cpp">
      <Filter>Generated Files\Debug</Filter>
    </ClCompile>
    <ClCompile Include="GeneratedFiles\Release\moc_rtmptarget.cpp">
      <Filter>Generated Files\Release</Filter>
    </ClCompile>
    <ClCompile Include="Wizards\rtmptargetsettingspage.cpp">
      <Filter>Source Files\Wizards</Filter>
    </ClCompile>
    <ClCompile Include="GeneratedFiles\Debug\moc_rtmptargetsettingspage.cpp">
      <Filter>Generated Files\Debug</Filter>
    </ClCompile>
    <ClCompile Include="GeneratedFiles\Release\moc_rtmptargetsettingspage.cpp">
      <Filter>Generated Files\Release</Filter>
    </ClCompile>
    <ClCompile Include="Layers\synclayer.cpp">
      <Filter>Source Files\Layers</Filter>
    </ClCompile>
    <ClCompile Include="Layers\synclayerdialog.cpp">
      <Filter>Source Files\Layers</Filter>
    </ClCompile>
    <ClCompile Include="GeneratedFiles\Debug\moc_synclayerdialog.cpp">
      <Filter>Generated Files\Debug</Filter>
    </ClCompile>
    <ClCompile Include="GeneratedFiles\Release\moc_synclayerdialog.cpp">
      <Filter>Generated Files\Release</Filter>
    </ClCompile>
    <ClCompile Include="Widgets\bitratecalcwidget.cpp">
      <Filter>Source Files\Widgets</Filter>
    </ClCompile>
    <ClCompile Include="GeneratedFiles\Debug\moc_bitratecalcwidget.cpp">
      <Filter>Generated Files\Debug</Filter>
    </ClCompile>
    <ClCompile Include="GeneratedFiles\Release\moc_bitratecalcwidget.cpp">
      <Filter>Generated Files\Release</Filter>
    </ClCompile>
    <ClCompile Include="GeneratedFiles\Debug\moc_bitratecalcwindow.cpp">
      <Filter>Generated Files\Debug</Filter>
    </ClCompile>
    <ClCompile Include="GeneratedFiles\Release\moc_bitratecalcwindow.cpp">
      <Filter>Generated Files\Release</Filter>
    </ClCompile>
    <ClCompile Include="bitratecalcwindow.cpp">
      <Filter>Source Files</Filter>
    </ClCompile>
    <ClCompile Include="aboutwindow.cpp">
      <Filter>Source Files</Filter>
    </ClCompile>
    <ClCompile Include="GeneratedFiles\Debug\moc_aboutwindow.cpp">
      <Filter>Generated Files\Debug</Filter>
    </ClCompile>
    <ClCompile Include="GeneratedFiles\Release\moc_aboutwindow.cpp">
      <Filter>Generated Files\Release</Filter>
    </ClCompile>
    <ClCompile Include="Pages\mainemptypage.cpp">
      <Filter>Source Files</Filter>
    </ClCompile>
    <ClCompile Include="GeneratedFiles\Debug\moc_mainemptypage.cpp">
      <Filter>Generated Files\Debug</Filter>
    </ClCompile>
    <ClCompile Include="GeneratedFiles\Release\moc_mainemptypage.cpp">
      <Filter>Generated Files\Release</Filter>
    </ClCompile>
    <ClCompile Include="scene.cpp">
      <Filter>Source Files</Filter>
    </ClCompile>
    <ClCompile Include="sceneitem.cpp">
      <Filter>Source Files</Filter>
    </ClCompile>
    <ClCompile Include="GeneratedFiles\Debug\moc_scene.cpp">
      <Filter>Generated Files\Debug</Filter>
    </ClCompile>
    <ClCompile Include="GeneratedFiles\Release\moc_scene.cpp">
      <Filter>Generated Files\Release</Filter>
    </ClCompile>
    <ClCompile Include="GeneratedFiles\Debug\moc_sceneitem.cpp">
      <Filter>Generated Files\Debug</Filter>
    </ClCompile>
    <ClCompile Include="GeneratedFiles\Release\moc_sceneitem.cpp">
      <Filter>Generated Files\Release</Filter>
    </ClCompile>
    <ClCompile Include="layergroup.cpp">
      <Filter>Source Files</Filter>
    </ClCompile>
    <ClCompile Include="layer.cpp">
      <Filter>Source Files</Filter>
    </ClCompile>
    <ClCompile Include="GeneratedFiles\Debug\moc_layer.cpp">
      <Filter>Generated Files\Debug</Filter>
    </ClCompile>
    <ClCompile Include="GeneratedFiles\Release\moc_layer.cpp">
      <Filter>Generated Files\Release</Filter>
    </ClCompile>
    <ClCompile Include="GeneratedFiles\Debug\moc_layerdialog.cpp">
      <Filter>Generated Files\Debug</Filter>
    </ClCompile>
    <ClCompile Include="GeneratedFiles\Release\moc_layerdialog.cpp">
      <Filter>Generated Files\Release</Filter>
    </ClCompile>
    <ClCompile Include="layerdialog.cpp">
      <Filter>Source Files</Filter>
    </ClCompile>
    <ClCompile Include="layerdialogwindow.cpp">
      <Filter>Source Files</Filter>
    </ClCompile>
    <ClCompile Include="GeneratedFiles\Debug\moc_layerdialogwindow.cpp">
      <Filter>Generated Files\Debug</Filter>
    </ClCompile>
    <ClCompile Include="GeneratedFiles\Release\moc_layerdialogwindow.cpp">
      <Filter>Generated Files\Release</Filter>
    </ClCompile>
    <ClCompile Include="GeneratedFiles\Debug\moc_layerproperties.cpp">
      <Filter>Generated Files\Debug</Filter>
    </ClCompile>
    <ClCompile Include="GeneratedFiles\Release\moc_layerproperties.cpp">
      <Filter>Generated Files\Release</Filter>
    </ClCompile>
    <ClCompile Include="layerproperties.cpp">
      <Filter>Source Files</Filter>
    </ClCompile>
    <ClCompile Include="GeneratedFiles\Debug\moc_sceneitemview.cpp">
      <Filter>Generated Files\Debug</Filter>
    </ClCompile>
    <ClCompile Include="GeneratedFiles\Release\moc_sceneitemview.cpp">
      <Filter>Generated Files\Release</Filter>
    </ClCompile>
    <ClCompile Include="Widgets\sceneitemview.cpp">
      <Filter>Source Files\Widgets</Filter>
    </ClCompile>
    <ClCompile Include="GeneratedFiles\Debug\moc_layergroup.cpp">
      <Filter>Generated Files\Debug</Filter>
    </ClCompile>
    <ClCompile Include="GeneratedFiles\Release\moc_layergroup.cpp">
      <Filter>Generated Files\Release</Filter>
    </ClCompile>
    <ClCompile Include="GeneratedFiles\Debug\moc_sceneview.cpp">
      <Filter>Generated Files\Debug</Filter>
    </ClCompile>
    <ClCompile Include="GeneratedFiles\Release\moc_sceneview.cpp">
      <Filter>Generated Files\Release</Filter>
    </ClCompile>
    <ClCompile Include="Widgets\sceneview.cpp">
      <Filter>Source Files\Widgets</Filter>
    </ClCompile>
    <ClCompile Include="twitchtarget.cpp">
      <Filter>Source Files</Filter>
    </ClCompile>
    <ClCompile Include="GeneratedFiles\Debug\moc_twitchtarget.cpp">
      <Filter>Generated Files\Debug</Filter>
    </ClCompile>
    <ClCompile Include="GeneratedFiles\Release\moc_twitchtarget.cpp">
      <Filter>Generated Files\Release</Filter>
    </ClCompile>
    <ClCompile Include="GeneratedFiles\Debug\moc_twitchtargetsettingspage.cpp">
      <Filter>Generated Files\Debug</Filter>
    </ClCompile>
    <ClCompile Include="GeneratedFiles\Release\moc_twitchtargetsettingspage.cpp">
      <Filter>Generated Files\Release</Filter>
    </ClCompile>
    <ClCompile Include="Wizards\twitchtargetsettingspage.cpp">
      <Filter>Source Files\Wizards</Filter>
    </ClCompile>
    <ClCompile Include="GeneratedFiles\Debug\moc_ustreamtargetsettingspage.cpp">
      <Filter>Generated Files\Debug</Filter>
    </ClCompile>
    <ClCompile Include="GeneratedFiles\Release\moc_ustreamtargetsettingspage.cpp">
      <Filter>Generated Files\Release</Filter>
    </ClCompile>
    <ClCompile Include="Wizards\ustreamtargetsettingspage.cpp">
      <Filter>Source Files\Wizards</Filter>
    </ClCompile>
    <ClCompile Include="GeneratedFiles\Debug\moc_ustreamtarget.cpp">
      <Filter>Generated Files\Debug</Filter>
    </ClCompile>
    <ClCompile Include="GeneratedFiles\Release\moc_ustreamtarget.cpp">
      <Filter>Generated Files\Release</Filter>
    </ClCompile>
    <ClCompile Include="ustreamtarget.cpp">
      <Filter>Source Files</Filter>
    </ClCompile>
    <ClCompile Include="Widgets\elidedlabel.cpp">
      <Filter>Source Files\Widgets</Filter>
    </ClCompile>
    <ClCompile Include="GeneratedFiles\Debug\moc_elidedlabel.cpp">
      <Filter>Generated Files\Debug</Filter>
    </ClCompile>
    <ClCompile Include="GeneratedFiles\Release\moc_elidedlabel.cpp">
      <Filter>Generated Files\Release</Filter>
    </ClCompile>
    <ClCompile Include="Wizards\audiomixercontroller.cpp">
      <Filter>Source Files\Wizards</Filter>
    </ClCompile>
    <ClCompile Include="GeneratedFiles\Debug\moc_audiomixercontroller.cpp">
      <Filter>Generated Files\Debug</Filter>
    </ClCompile>
    <ClCompile Include="GeneratedFiles\Release\moc_audiomixercontroller.cpp">
      <Filter>Generated Files\Release</Filter>
    </ClCompile>
    <ClCompile Include="Wizards\audiomixerpage.cpp">
      <Filter>Source Files\Wizards</Filter>
    </ClCompile>
    <ClCompile Include="GeneratedFiles\Debug\moc_audiomixerpage.cpp">
      <Filter>Generated Files\Debug</Filter>
    </ClCompile>
    <ClCompile Include="GeneratedFiles\Release\moc_audiomixerpage.cpp">
      <Filter>Generated Files\Release</Filter>
    </ClCompile>
    <ClCompile Include="GeneratedFiles\Debug\moc_infowidget.cpp">
      <Filter>Generated Files\Debug</Filter>
    </ClCompile>
    <ClCompile Include="GeneratedFiles\Release\moc_infowidget.cpp">
      <Filter>Generated Files\Release</Filter>
    </ClCompile>
    <ClCompile Include="Widgets\infowidget.cpp">
      <Filter>Source Files\Widgets</Filter>
    </ClCompile>
    <ClCompile Include="cpuusage.cpp">
      <Filter>Source Files</Filter>
    </ClCompile>
    <ClCompile Include="wincpuusage.cpp">
      <Filter>Source Files</Filter>
    </ClCompile>
    <ClCompile Include="GeneratedFiles\Debug\moc_newprofilecontroller.cpp">
      <Filter>Generated Files\Debug</Filter>
    </ClCompile>
    <ClCompile Include="GeneratedFiles\Release\moc_newprofilecontroller.cpp">
      <Filter>Generated Files\Release</Filter>
    </ClCompile>
    <ClCompile Include="Wizards\newprofilecontroller.cpp">
      <Filter>Source Files\Wizards</Filter>
    </ClCompile>
    <ClCompile Include="Wizards\benchmarkpage.cpp">
      <Filter>Source Files\Wizards</Filter>
    </ClCompile>
    <ClCompile Include="GeneratedFiles\Debug\moc_benchmarkpage.cpp">
      <Filter>Generated Files\Debug</Filter>
    </ClCompile>
    <ClCompile Include="GeneratedFiles\Release\moc_benchmarkpage.cpp">
      <Filter>Generated Files\Release</Filter>
    </ClCompile>
    <ClCompile Include="GeneratedFiles\Debug\moc_benchmarkresultspage.cpp">
      <Filter>Generated Files\Debug</Filter>
    </ClCompile>
    <ClCompile Include="GeneratedFiles\Release\moc_benchmarkresultspage.cpp">
      <Filter>Generated Files\Release</Filter>
    </ClCompile>
    <ClCompile Include="Wizards\benchmarkresultspage.cpp">
      <Filter>Source Files\Wizards</Filter>
    </ClCompile>
    <ClCompile Include="Wizards\newprofilepage.cpp">
      <Filter>Source Files\Wizards</Filter>
    </ClCompile>
    <ClCompile Include="GeneratedFiles\Debug\moc_newprofilepage.cpp">
      <Filter>Generated Files\Debug</Filter>
    </ClCompile>
    <ClCompile Include="GeneratedFiles\Release\moc_newprofilepage.cpp">
      <Filter>Generated Files\Release</Filter>
    </ClCompile>
    <ClCompile Include="GeneratedFiles\Debug\moc_preparebenchmarkpage.cpp">
      <Filter>Generated Files\Debug</Filter>
    </ClCompile>
    <ClCompile Include="GeneratedFiles\Release\moc_preparebenchmarkpage.cpp">
      <Filter>Generated Files\Release</Filter>
    </ClCompile>
    <ClCompile Include="Wizards\preparebenchmarkpage.cpp">
      <Filter>Source Files\Wizards</Filter>
    </ClCompile>
    <ClCompile Include="Wizards\profilecompletepage.cpp">
      <Filter>Source Files\Wizards</Filter>
    </ClCompile>
    <ClCompile Include="GeneratedFiles\Debug\moc_profilecompletepage.cpp">
      <Filter>Generated Files\Debug</Filter>
    </ClCompile>
    <ClCompile Include="GeneratedFiles\Release\moc_profilecompletepage.cpp">
      <Filter>Generated Files\Release</Filter>
    </ClCompile>
    <ClCompile Include="GeneratedFiles\Debug\moc_scenetemplatepage.cpp">
      <Filter>Generated Files\Debug</Filter>
    </ClCompile>
    <ClCompile Include="GeneratedFiles\Release\moc_scenetemplatepage.cpp">
      <Filter>Generated Files\Release</Filter>
    </ClCompile>
    <ClCompile Include="Wizards\scenetemplatepage.cpp">
      <Filter>Source Files\Wizards</Filter>
    </ClCompile>
    <ClCompile Include="Wizards\uploadpage.cpp">
      <Filter>Source Files\Wizards</Filter>
    </ClCompile>
    <ClCompile Include="GeneratedFiles\Debug\moc_uploadpage.cpp">
      <Filter>Generated Files\Debug</Filter>
    </ClCompile>
    <ClCompile Include="GeneratedFiles\Release\moc_uploadpage.cpp">
      <Filter>Generated Files\Release</Filter>
    </ClCompile>
    <ClCompile Include="recommendations.cpp">
      <Filter>Source Files</Filter>
    </ClCompile>
    <ClCompile Include="GeneratedFiles\Debug\moc_welcomepage.cpp">
      <Filter>Generated Files\Debug</Filter>
    </ClCompile>
    <ClCompile Include="GeneratedFiles\Release\moc_welcomepage.cpp">
      <Filter>Generated Files\Release</Filter>
    </ClCompile>
    <ClCompile Include="Wizards\welcomepage.cpp">
      <Filter>Source Files\Wizards</Filter>
    </ClCompile>
    <ClCompile Include="videosourcemanager.cpp">
      <Filter>Source Files</Filter>
    </ClCompile>
    <ClCompile Include="GeneratedFiles\Debug\moc_videosourcemanager.cpp">
      <Filter>Generated Files\Debug</Filter>
    </ClCompile>
    <ClCompile Include="GeneratedFiles\Release\moc_videosourcemanager.cpp">
      <Filter>Generated Files\Release</Filter>
    </ClCompile>
    <ClCompile Include="videosource.cpp">
      <Filter>Source Files</Filter>
    </ClCompile>
    <ClCompile Include="GeneratedFiles\Debug\moc_videosource.cpp">
      <Filter>Generated Files\Debug</Filter>
    </ClCompile>
    <ClCompile Include="GeneratedFiles\Release\moc_videosource.cpp">
      <Filter>Generated Files\Release</Filter>
    </ClCompile>
    <ClCompile Include="dshowvideosource.cpp">
      <Filter>Source Files</Filter>
    </ClCompile>
    <ClCompile Include="GeneratedFiles\Debug\moc_dshowvideosource.cpp">
      <Filter>Generated Files\Debug</Filter>
    </ClCompile>
    <ClCompile Include="GeneratedFiles\Release\moc_dshowvideosource.cpp">
      <Filter>Generated Files\Release</Filter>
    </ClCompile>
    <ClCompile Include="dshowfilters.cpp">
      <Filter>Source Files</Filter>
    </ClCompile>
    <ClCompile Include="Layers\webcamlayer.cpp">
      <Filter>Source Files\Layers</Filter>
    </ClCompile>
    <ClCompile Include="Layers\webcamlayerdialog.cpp">
      <Filter>Source Files\Layers</Filter>
    </ClCompile>
    <ClCompile Include="GeneratedFiles\Debug\moc_webcamlayerdialog.cpp">
      <Filter>Generated Files\Debug</Filter>
    </ClCompile>
    <ClCompile Include="GeneratedFiles\Release\moc_webcamlayerdialog.cpp">
      <Filter>Generated Files\Release</Filter>
    </ClCompile>
    <ClCompile Include="cropinfo.cpp">
      <Filter>Source Files</Filter>
    </ClCompile>
    <ClCompile Include="GeneratedFiles\Debug\moc_imagelayer.cpp">
      <Filter>Generated Files\Debug</Filter>
    </ClCompile>
    <ClCompile Include="GeneratedFiles\Release\moc_imagelayer.cpp">
      <Filter>Generated Files\Release</Filter>
    </ClCompile>
    <ClCompile Include="Layers\slideshowlayer.cpp">
      <Filter>Source Files\Layers</Filter>
    </ClCompile>
    <ClCompile Include="Layers\slideshowlayerdialog.cpp">
      <Filter>Source Files\Layers</Filter>
    </ClCompile>
    <ClCompile Include="GeneratedFiles\Debug\moc_slideshowlayerdialog.cpp">
      <Filter>Generated Files\Debug</Filter>
    </ClCompile>
    <ClCompile Include="GeneratedFiles\Release\moc_slideshowlayerdialog.cpp">
      <Filter>Generated Files\Release</Filter>
    </ClCompile>
    <ClCompile Include="GeneratedFiles\Debug\moc_fileimagetexture.cpp">
      <Filter>Generated Files\Debug</Filter>
    </ClCompile>
    <ClCompile Include="GeneratedFiles\Release\moc_fileimagetexture.cpp">
      <Filter>Generated Files\Release</Filter>
    </ClCompile>
    <ClCompile Include="fileimagetexture.cpp">
      <Filter>Source Files</Filter>
    </ClCompile>
    <ClCompile Include="GeneratedFiles\Debug\moc_monitorlayerdialog.cpp">
      <Filter>Generated Files\Debug</Filter>
    </ClCompile>
    <ClCompile Include="GeneratedFiles\Release\moc_monitorlayerdialog.cpp">
      <Filter>Generated Files\Release</Filter>
    </ClCompile>
    <ClCompile Include="Layers\monitorlayer.cpp">
      <Filter>Source Files\Layers</Filter>
    </ClCompile>
    <ClCompile Include="Layers\monitorlayerdialog.cpp">
      <Filter>Source Files\Layers</Filter>
    </ClCompile>
    <ClCompile Include="Layers\scripttextlayer.cpp">
      <Filter>Source Files\Layers</Filter>
    </ClCompile>
    <ClCompile Include="Layers\scripttextlayerdialog.cpp">
      <Filter>Source Files\Layers</Filter>
    </ClCompile>
    <ClCompile Include="GeneratedFiles\Debug\moc_scripttextlayerdialog.cpp">
      <Filter>Generated Files\Debug</Filter>
    </ClCompile>
    <ClCompile Include="GeneratedFiles\Release\moc_scripttextlayerdialog.cpp">
      <Filter>Generated Files\Release</Filter>
    </ClCompile>
    <ClCompile Include="GeneratedFiles\Debug\moc_scripttextlayer.cpp">
      <Filter>Generated Files\Debug</Filter>
    </ClCompile>
    <ClCompile Include="GeneratedFiles\Release\moc_scripttextlayer.cpp">
      <Filter>Generated Files\Release</Filter>
    </ClCompile>
    <ClCompile Include="appsharedsegment.cpp">
      <Filter>Source Files</Filter>
    </ClCompile>
    <ClCompile Include="log.cpp">
      <Filter>Source Files</Filter>
    </ClCompile>
    <ClCompile Include="Wizards\hitboxtargetsettingspage.cpp">
      <Filter>Source Files\Wizards</Filter>
    </ClCompile>
    <ClCompile Include="GeneratedFiles\Debug\moc_hitboxtargetsettingspage.cpp">
      <Filter>Generated Files\Debug</Filter>
    </ClCompile>
    <ClCompile Include="GeneratedFiles\Release\moc_hitboxtargetsettingspage.cpp">
      <Filter>Generated Files\Release</Filter>
    </ClCompile>
    <ClCompile Include="GeneratedFiles\Debug\moc_hitboxtarget.cpp">
      <Filter>Generated Files\Debug</Filter>
    </ClCompile>
    <ClCompile Include="GeneratedFiles\Release\moc_hitboxtarget.cpp">
      <Filter>Generated Files\Release</Filter>
    </ClCompile>
    <ClCompile Include="hitboxtarget.cpp">
      <Filter>Source Files</Filter>
    </ClCompile>
  </ItemGroup>
  <ItemGroup>
    <CustomBuild Include="mainwindow.h">
      <Filter>Header Files</Filter>
    </CustomBuild>
    <CustomBuild Include="application.h">
      <Filter>Header Files</Filter>
    </CustomBuild>
    <CustomBuild Include="Pages\mainpage.h">
      <Filter>Header Files</Filter>
    </CustomBuild>
    <CustomBuild Include="Widgets\borderspacer.h">
      <Filter>Header Files\Widgets</Filter>
    </CustomBuild>
    <CustomBuild Include="Widgets\d3dwidget.h">
      <Filter>Header Files\Widgets</Filter>
    </CustomBuild>
    <CustomBuild Include="Widgets\graphicswidget.h">
      <Filter>Header Files\Widgets</Filter>
    </CustomBuild>
    <CustomBuild Include="Widgets\sortableview.h">
      <Filter>Header Files\Widgets</Filter>
    </CustomBuild>
    <CustomBuild Include="Widgets\styledbar.h">
      <Filter>Header Files\Widgets</Filter>
    </CustomBuild>
    <CustomBuild Include="Widgets\styledbutton.h">
      <Filter>Header Files\Widgets</Filter>
    </CustomBuild>
    <CustomBuild Include="Widgets\styledmenubar.h">
      <Filter>Header Files\Widgets</Filter>
    </CustomBuild>
    <CustomBuild Include="Widgets\styledsortablebar.h">
      <Filter>Header Files\Widgets</Filter>
    </CustomBuild>
    <CustomBuild Include="Widgets\styledtogglebutton.h">
      <Filter>Header Files\Widgets</Filter>
    </CustomBuild>
    <CustomBuild Include="Widgets\unitlineedit.h">
      <Filter>Header Files\Widgets</Filter>
    </CustomBuild>
    <CustomBuild Include="Widgets\zoomslider.h">
      <Filter>Header Files\Widgets</Filter>
    </CustomBuild>
    <CustomBuild Include="profile.h">
      <Filter>Header Files</Filter>
    </CustomBuild>
    <CustomBuild Include="Layers\colorlayerdialog.h">
      <Filter>Header Files\Layers</Filter>
    </CustomBuild>
    <CustomBuild Include="Widgets\colorbutton.h">
      <Filter>Header Files\Widgets</Filter>
    </CustomBuild>
    <CustomBuild Include="Layers\imagelayerdialog.h">
      <Filter>Header Files\Layers</Filter>
    </CustomBuild>
    <CustomBuild Include="videoencoder.h">
      <Filter>Header Files</Filter>
    </CustomBuild>
    <CustomBuild Include="encodedpacket.h">
      <Filter>Header Files</Filter>
    </CustomBuild>
    <CustomBuild Include="x264encoder.h">
      <Filter>Header Files</Filter>
    </CustomBuild>
    <CustomBuild Include="scaler.h">
      <Filter>Header Files</Filter>
    </CustomBuild>
    <CustomBuild Include="target.h">
      <Filter>Header Files</Filter>
    </CustomBuild>
    <CustomBuild Include="filetarget.h">
      <Filter>Header Files</Filter>
    </CustomBuild>
    <CustomBuild Include="wizardwindow.h">
      <Filter>Header Files</Filter>
    </CustomBuild>
    <CustomBuild Include="Widgets\editablelabel.h">
      <Filter>Header Files\Widgets</Filter>
    </CustomBuild>
    <CustomBuild Include="wizardcontroller.h">
      <Filter>Header Files</Filter>
    </CustomBuild>
    <CustomBuild Include="Wizards\edittargetscontroller.h">
      <Filter>Header Files\Wizards</Filter>
    </CustomBuild>
    <CustomBuild Include="Layers\colorlayerdialog.ui">
      <Filter>Form Files\Layers</Filter>
    </CustomBuild>
    <CustomBuild Include="Layers\imagelayerdialog.ui">
      <Filter>Form Files\Layers</Filter>
    </CustomBuild>
    <CustomBuild Include="Wizards\targetlistpage.ui">
      <Filter>Form Files\Wizards</Filter>
    </CustomBuild>
    <CustomBuild Include="winapplication.h">
      <Filter>Header Files</Filter>
    </CustomBuild>
    <CustomBuild Include="Layers\windowlayerdialog.h">
      <Filter>Header Files\Layers</Filter>
    </CustomBuild>
    <CustomBuild Include="Layers\windowlayerdialog.ui">
      <Filter>Form Files\Layers</Filter>
    </CustomBuild>
    <CustomBuild Include="Wizards\targetlistpage.h">
      <Filter>Header Files\Wizards</Filter>
    </CustomBuild>
    <CustomBuild Include="Wizards\editprofilepage.h">
      <Filter>Header Files\Wizards</Filter>
    </CustomBuild>
    <CustomBuild Include="Wizards\editprofilecontroller.h">
      <Filter>Header Files\Wizards</Filter>
    </CustomBuild>
    <CustomBuild Include="Wizards\editprofilepage.ui">
      <Filter>Form Files\Wizards</Filter>
    </CustomBuild>
    <CustomBuild Include="Widgets\styledframe.h">
      <Filter>Header Files\Widgets</Filter>
    </CustomBuild>
    <CustomBuild Include="Wizards\newedittargetcontroller.h">
      <Filter>Header Files\Wizards</Filter>
    </CustomBuild>
    <CustomBuild Include="Wizards\videosettingspage.ui">
      <Filter>Form Files\Wizards</Filter>
    </CustomBuild>
    <CustomBuild Include="Wizards\videosettingspage.h">
      <Filter>Header Files\Wizards</Filter>
    </CustomBuild>
    <CustomBuild Include="validators.h">
      <Filter>Header Files</Filter>
    </CustomBuild>
    <CustomBuild Include="Wizards\filetargetsettingspage.ui">
      <Filter>Form Files\Wizards</Filter>
    </CustomBuild>
    <CustomBuild Include="Wizards\filetargetsettingspage.h">
      <Filter>Header Files\Wizards</Filter>
    </CustomBuild>
    <CustomBuild Include="fileselectdialog.h">
      <Filter>Header Files</Filter>
    </CustomBuild>
    <CustomBuild Include="Wizards\targettypepage.ui">
      <Filter>Form Files\Wizards</Filter>
    </CustomBuild>
    <CustomBuild Include="Wizards\targettypepage.h">
      <Filter>Header Files\Wizards</Filter>
    </CustomBuild>
    <CustomBuild Include="Widgets\targettypewidget.h">
      <Filter>Header Files\Widgets</Filter>
    </CustomBuild>
    <CustomBuild Include="Widgets\styledradiotile.h">
      <Filter>Header Files\Widgets</Filter>
    </CustomBuild>
    <CustomBuild Include="Widgets\targetview.h">
      <Filter>Header Files\Widgets</Filter>
    </CustomBuild>
    <CustomBuild Include="Widgets\targetpane.h">
      <Filter>Header Files\Widgets</Filter>
    </CustomBuild>
    <CustomBuild Include="audiomixer.h">
      <Filter>Header Files</Filter>
    </CustomBuild>
    <CustomBuild Include="audioinput.h">
      <Filter>Header Files</Filter>
    </CustomBuild>
    <CustomBuild Include="audioencoder.h">
      <Filter>Header Files</Filter>
    </CustomBuild>
    <CustomBuild Include="fdkaacencoder.h">
      <Filter>Header Files</Filter>
    </CustomBuild>
    <CustomBuild Include="Wizards\audiosettingspage.h">
      <Filter>Header Files\Wizards</Filter>
    </CustomBuild>
    <CustomBuild Include="Wizards\audiosettingspage.ui">
      <Filter>Form Files\Wizards</Filter>
    </CustomBuild>
    <CustomBuild Include="avsynchronizer.h">
      <Filter>Header Files</Filter>
    </CustomBuild>
    <CustomBuild Include="Widgets\embosswidget.h">
      <Filter>Header Files\Widgets</Filter>
    </CustomBuild>
    <CustomBuild Include="Widgets\dialogheader.h">
      <Filter>Header Files\Widgets</Filter>
    </CustomBuild>
    <CustomBuild Include="audiosourcemanager.h">
      <Filter>Header Files</Filter>
    </CustomBuild>
    <CustomBuild Include="audiosource.h">
      <Filter>Header Files</Filter>
    </CustomBuild>
    <CustomBuild Include="wasapiaudiosource.h">
      <Filter>Header Files</Filter>
    </CustomBuild>
    <CustomBuild Include="darkstyle.h">
      <Filter>Header Files</Filter>
    </CustomBuild>
    <CustomBuild Include="Widgets\visiblecheckbox.h">
      <Filter>Header Files\Widgets</Filter>
    </CustomBuild>
    <CustomBuild Include="Widgets\patternwidgets.h">
      <Filter>Header Files\Widgets</Filter>
    </CustomBuild>
    <CustomBuild Include="Widgets\audiopane.h">
      <Filter>Header Files\Widgets</Filter>
    </CustomBuild>
    <CustomBuild Include="Widgets\audioview.h">
      <Filter>Header Files\Widgets</Filter>
    </CustomBuild>
    <CustomBuild Include="Widgets\volumeslider.h">
      <Filter>Header Files\Widgets</Filter>
    </CustomBuild>
    <CustomBuild Include="audioutils.h">
      <Filter>Header Files</Filter>
    </CustomBuild>
    <CustomBuild Include="Widgets\liveindicator.h">
      <Filter>Header Files\Widgets</Filter>
    </CustomBuild>
    <CustomBuild Include="asyncio.h">
      <Filter>Header Files</Filter>
    </CustomBuild>
    <CustomBuild Include="Layers\textlayerdialog.h">
      <Filter>Header Files\Layers</Filter>
    </CustomBuild>
    <CustomBuild Include="Layers\textlayerdialog.ui">
      <Filter>Form Files\Layers</Filter>
    </CustomBuild>
    <CustomBuild Include="Widgets\colortogglebutton.h">
      <Filter>Header Files\Widgets</Filter>
    </CustomBuild>
    <CustomBuild Include="rtmptargetbase.h">
      <Filter>Header Files</Filter>
    </CustomBuild>
    <CustomBuild Include="rtmptarget.h">
      <Filter>Header Files</Filter>
    </CustomBuild>
    <CustomBuild Include="Wizards\rtmptargetsettingspage.h">
      <Filter>Header Files\Wizards</Filter>
    </CustomBuild>
    <CustomBuild Include="Wizards\rtmptargetsettingspage.ui">
      <Filter>Form Files\Wizards</Filter>
    </CustomBuild>
    <CustomBuild Include="Layers\synclayerdialog.h">
      <Filter>Header Files\Layers</Filter>
    </CustomBuild>
    <CustomBuild Include="Layers\synclayerdialog.ui">
      <Filter>Form Files\Layers</Filter>
    </CustomBuild>
    <CustomBuild Include="MishiraApp.qrc" />
    <CustomBuild Include="Widgets\bitratecalcwidget.ui">
      <Filter>Form Files</Filter>
    </CustomBuild>
    <CustomBuild Include="Widgets\bitratecalcwidget.h">
      <Filter>Header Files\Widgets</Filter>
    </CustomBuild>
    <CustomBuild Include="bitratecalcwindow.h">
      <Filter>Header Files</Filter>
    </CustomBuild>
    <CustomBuild Include="aboutwindow.h">
      <Filter>Header Files</Filter>
    </CustomBuild>
    <CustomBuild Include="Pages\mainemptypage.h">
      <Filter>Header Files</Filter>
    </CustomBuild>
    <CustomBuild Include="scene.h">
      <Filter>Header Files</Filter>
    </CustomBuild>
    <CustomBuild Include="sceneitem.h">
      <Filter>Header Files</Filter>
    </CustomBuild>
    <CustomBuild Include="layer.h">
      <Filter>Header Files</Filter>
    </CustomBuild>
    <CustomBuild Include="layerdialog.h">
      <Filter>Header Files</Filter>
    </CustomBuild>
    <CustomBuild Include="layerdialogwindow.h">
      <Filter>Header Files</Filter>
    </CustomBuild>
    <CustomBuild Include="layerproperties.h">
      <Filter>Header Files</Filter>
    </CustomBuild>
    <CustomBuild Include="layerproperties.ui">
      <Filter>Form Files</Filter>
    </CustomBuild>
    <CustomBuild Include="Widgets\sceneitemview.h">
      <Filter>Header Files\Widgets</Filter>
    </CustomBuild>
    <CustomBuild Include="layergroup.h">
      <Filter>Header Files</Filter>
    </CustomBuild>
    <CustomBuild Include="Widgets\sceneview.h">
      <Filter>Header Files\Widgets</Filter>
    </CustomBuild>
    <CustomBuild Include="twitchtarget.h">
      <Filter>Header Files</Filter>
    </CustomBuild>
    <CustomBuild Include="Wizards\twitchtargetsettingspage.ui">
      <Filter>Form Files\Wizards</Filter>
    </CustomBuild>
    <CustomBuild Include="Wizards\twitchtargetsettingspage.h">
      <Filter>Header Files\Wizards</Filter>
    </CustomBuild>
    <CustomBuild Include="Wizards\ustreamtargetsettingspage.ui">
      <Filter>Form Files\Wizards</Filter>
    </CustomBuild>
    <CustomBuild Include="Wizards\ustreamtargetsettingspage.h">
      <Filter>Header Files\Wizards</Filter>
    </CustomBuild>
    <CustomBuild Include="ustreamtarget.h">
      <Filter>Header Files</Filter>
    </CustomBuild>
    <CustomBuild Include="Widgets\elidedlabel.h">
      <Filter>Header Files\Widgets</Filter>
    </CustomBuild>
    <CustomBuild Include="Wizards\audiomixercontroller.h">
      <Filter>Header Files\Wizards</Filter>
    </CustomBuild>
    <CustomBuild Include="Wizards\audiomixerpage.h">
      <Filter>Header Files\Wizards</Filter>
    </CustomBuild>
    <CustomBuild Include="Wizards\audiomixerpage.ui">
      <Filter>Form Files\Wizards</Filter>
    </CustomBuild>
    <CustomBuild Include="Widgets\infowidget.h">
      <Filter>Header Files\Widgets</Filter>
    </CustomBuild>
    <CustomBuild Include="cpuusage.h">
      <Filter>Header Files</Filter>
    </CustomBuild>
    <CustomBuild Include="wincpuusage.h">
      <Filter>Header Files</Filter>
    </CustomBuild>
    <CustomBuild Include="Wizards\newprofilepage.ui">
      <Filter>Form Files\Wizards</Filter>
    </CustomBuild>
    <CustomBuild Include="Wizards\uploadpage.ui">
      <Filter>Form Files\Wizards</Filter>
    </CustomBuild>
    <CustomBuild Include="Wizards\preparebenchmarkpage.ui">
      <Filter>Form Files\Wizards</Filter>
    </CustomBuild>
    <CustomBuild Include="Wizards\benchmarkpage.ui">
      <Filter>Form Files\Wizards</Filter>
    </CustomBuild>
    <CustomBuild Include="Wizards\benchmarkresultspage.ui">
      <Filter>Form Files\Wizards</Filter>
    </CustomBuild>
    <CustomBuild Include="Wizards\scenetemplatepage.ui">
      <Filter>Form Files\Wizards</Filter>
    </CustomBuild>
    <CustomBuild Include="Wizards\profilecompletepage.ui">
      <Filter>Form Files\Wizards</Filter>
    </CustomBuild>
    <CustomBuild Include="Wizards\newprofilecontroller.h">
      <Filter>Header Files\Wizards</Filter>
    </CustomBuild>
    <CustomBuild Include="Wizards\benchmarkpage.h">
      <Filter>Header Files\Wizards</Filter>
    </CustomBuild>
    <CustomBuild Include="Wizards\benchmarkresultspage.h">
      <Filter>Header Files\Wizards</Filter>
    </CustomBuild>
    <CustomBuild Include="Wizards\newprofilepage.h">
      <Filter>Header Files\Wizards</Filter>
    </CustomBuild>
    <CustomBuild Include="Wizards\preparebenchmarkpage.h">
      <Filter>Header Files\Wizards</Filter>
    </CustomBuild>
    <CustomBuild Include="Wizards\profilecompletepage.h">
      <Filter>Header Files\Wizards</Filter>
    </CustomBuild>
    <CustomBuild Include="Wizards\scenetemplatepage.h">
      <Filter>Header Files\Wizards</Filter>
    </CustomBuild>
    <CustomBuild Include="Wizards\uploadpage.h">
      <Filter>Header Files\Wizards</Filter>
    </CustomBuild>
    <CustomBuild Include="recommendations.h">
      <Filter>Header Files</Filter>
    </CustomBuild>
    <CustomBuild Include="Pages\mainemptypage.ui">
      <Filter>Form Files</Filter>
    </CustomBuild>
    <CustomBuild Include="Wizards\welcomepage.ui">
      <Filter>Form Files\Wizards</Filter>
    </CustomBuild>
    <CustomBuild Include="Wizards\welcomepage.h">
      <Filter>Header Files\Wizards</Filter>
    </CustomBuild>
    <CustomBuild Include="videosourcemanager.h">
      <Filter>Header Files</Filter>
    </CustomBuild>
    <CustomBuild Include="videosource.h">
      <Filter>Header Files</Filter>
    </CustomBuild>
    <CustomBuild Include="dshowvideosource.h">
      <Filter>Header Files</Filter>
    </CustomBuild>
    <CustomBuild Include="dshowfilters.h">
      <Filter>Header Files</Filter>
    </CustomBuild>
    <CustomBuild Include="Layers\webcamlayerdialog.h">
      <Filter>Header Files\Layers</Filter>
    </CustomBuild>
    <CustomBuild Include="Layers\webcamlayerdialog.ui">
      <Filter>Form Files\Layers</Filter>
    </CustomBuild>
    <CustomBuild Include="cropinfo.h">
      <Filter>Header Files</Filter>
    </CustomBuild>
    <CustomBuild Include="Layers\imagelayer.h">
      <Filter>Header Files\Layers</Filter>
    </CustomBuild>
    <CustomBuild Include="Layers\slideshowlayerdialog.h">
      <Filter>Header Files\Layers</Filter>
    </CustomBuild>
    <CustomBuild Include="Layers\slideshowlayerdialog.ui">
      <Filter>Form Files\Layers</Filter>
    </CustomBuild>
    <CustomBuild Include="fileimagetexture.h">
      <Filter>Header Files</Filter>
    </CustomBuild>
    <CustomBuild Include="Layers\monitorlayerdialog.ui">
      <Filter>Form Files\Layers</Filter>
    </CustomBuild>
    <CustomBuild Include="Layers\monitorlayerdialog.h">
      <Filter>Header Files\Layers</Filter>
    </CustomBuild>
    <CustomBuild Include="Layers\scripttextlayerdialog.h">
      <Filter>Header Files\Layers</Filter>
    </CustomBuild>
    <CustomBuild Include="Layers\scripttextlayerdialog.ui">
      <Filter>Form Files\Layers</Filter>
    </CustomBuild>
    <CustomBuild Include="Layers\scripttextlayer.h">
      <Filter>Header Files\Layers</Filter>
    </CustomBuild>
    <CustomBuild Include="Wizards\hitboxtargetsettingspage.ui">
      <Filter>Form Files\Wizards</Filter>
    </CustomBuild>
    <CustomBuild Include="Wizards\hitboxtargetsettingspage.h">
      <Filter>Header Files\Wizards</Filter>
    </CustomBuild>
    <CustomBuild Include="hitboxtarget.h">
      <Filter>Header Files</Filter>
    </CustomBuild>
  </ItemGroup>
  <ItemGroup>
    <ClInclude Include="logfilemanager.h">
      <Filter>Header Files</Filter>
    </ClInclude>
    <ClInclude Include="appsettings.h">
      <Filter>Header Files</Filter>
    </ClInclude>
    <ClInclude Include="stylehelper.h">
      <Filter>Header Files</Filter>
    </ClInclude>
    <ClInclude Include="sortablewidget.h">
      <Filter>Header Files</Filter>
    </ClInclude>
    <ClInclude Include="Layers\colorlayer.h">
      <Filter>Header Files\Layers</Filter>
    </ClInclude>
    <ClInclude Include="GeneratedFiles\ui_colorlayerdialog.h">
      <Filter>Generated Files</Filter>
    </ClInclude>
    <ClInclude Include="GeneratedFiles\ui_imagelayerdialog.h">
      <Filter>Generated Files</Filter>
    </ClInclude>
    <ClInclude Include="encodedframe.h">
      <Filter>Header Files</Filter>
    </ClInclude>
    <ClInclude Include="common.h">
      <Filter>Header Files</Filter>
    </ClInclude>
    <ClInclude Include="GeneratedFiles\ui_targetlistpage.h">
      <Filter>Generated Files</Filter>
    </ClInclude>
    <ClInclude Include="Layers\windowlayer.h">
      <Filter>Header Files\Layers</Filter>
    </ClInclude>
    <ClInclude Include="GeneratedFiles\ui_windowlayerdialog.h">
      <Filter>Generated Files</Filter>
    </ClInclude>
    <ClInclude Include="GeneratedFiles\ui_editprofilepage.h">
      <Filter>Generated Files</Filter>
    </ClInclude>
    <ClInclude Include="GeneratedFiles\ui_videosettingspage.h">
      <Filter>Generated Files</Filter>
    </ClInclude>
    <ClInclude Include="GeneratedFiles\ui_filetargetsettingspage.h">
      <Filter>Generated Files</Filter>
    </ClInclude>
    <ClInclude Include="GeneratedFiles\ui_targettypepage.h">
      <Filter>Generated Files</Filter>
    </ClInclude>
    <ClInclude Include="audiosegment.h">
      <Filter>Header Files</Filter>
    </ClInclude>
    <ClInclude Include="encodedsegment.h">
      <Filter>Header Files</Filter>
    </ClInclude>
    <ClInclude Include="GeneratedFiles\ui_audiosettingspage.h">
      <Filter>Generated Files</Filter>
    </ClInclude>
    <ClInclude Include="resampler.h">
      <Filter>Header Files</Filter>
    </ClInclude>
    <ClInclude Include="Layers\textlayer.h">
      <Filter>Header Files\Layers</Filter>
    </ClInclude>
    <ClInclude Include="GeneratedFiles\ui_textlayerdialog.h">
      <Filter>Generated Files</Filter>
    </ClInclude>
    <ClInclude Include="GeneratedFiles\ui_rtmptargetsettingspage.h">
      <Filter>Generated Files</Filter>
    </ClInclude>
    <ClInclude Include="Layers\synclayer.h">
      <Filter>Header Files\Layers</Filter>
    </ClInclude>
    <ClInclude Include="GeneratedFiles\ui_synclayerdialog.h">
      <Filter>Generated Files</Filter>
    </ClInclude>
    <ClInclude Include="GeneratedFiles\ui_bitratecalcwidget.h">
      <Filter>Generated Files</Filter>
    </ClInclude>
    <ClInclude Include="GeneratedFiles\ui_layerproperties.h">
      <Filter>Generated Files</Filter>
    </ClInclude>
    <ClInclude Include="animatedfloat.h">
      <Filter>Header Files</Filter>
    </ClInclude>
    <ClInclude Include="GeneratedFiles\ui_twitchtargetsettingspage.h">
      <Filter>Generated Files</Filter>
    </ClInclude>
    <ClInclude Include="GeneratedFiles\ui_ustreamtargetsettingspage.h">
      <Filter>Generated Files</Filter>
    </ClInclude>
    <ClInclude Include="GeneratedFiles\ui_audiomixerpage.h">
      <Filter>Generated Files</Filter>
    </ClInclude>
    <ClInclude Include="GeneratedFiles\ui_newprofilepage.h">
      <Filter>Generated Files</Filter>
    </ClInclude>
    <ClInclude Include="GeneratedFiles\ui_uploadpage.h">
      <Filter>Generated Files</Filter>
    </ClInclude>
    <ClInclude Include="GeneratedFiles\ui_preparebenchmarkpage.h">
      <Filter>Generated Files</Filter>
    </ClInclude>
    <ClInclude Include="GeneratedFiles\ui_benchmarkpage.h">
      <Filter>Generated Files</Filter>
    </ClInclude>
    <ClInclude Include="GeneratedFiles\ui_benchmarkresultspage.h">
      <Filter>Generated Files</Filter>
    </ClInclude>
    <ClInclude Include="GeneratedFiles\ui_scenetemplatepage.h">
      <Filter>Generated Files</Filter>
    </ClInclude>
    <ClInclude Include="GeneratedFiles\ui_profilecompletepage.h">
      <Filter>Generated Files</Filter>
    </ClInclude>
    <ClInclude Include="GeneratedFiles\ui_mainemptypage.h">
      <Filter>Generated Files</Filter>
    </ClInclude>
    <ClInclude Include="GeneratedFiles\ui_welcomepage.h">
      <Filter>Generated Files</Filter>
    </ClInclude>
    <ClInclude Include="Layers\webcamlayer.h">
      <Filter>Header Files\Layers</Filter>
    </ClInclude>
    <ClInclude Include="GeneratedFiles\ui_webcamlayerdialog.h">
      <Filter>Generated Files</Filter>
    </ClInclude>
    <ClInclude Include="Layers\slideshowlayer.h">
      <Filter>Header Files\Layers</Filter>
    </ClInclude>
    <ClInclude Include="GeneratedFiles\ui_slideshowlayerdialog.h">
      <Filter>Generated Files</Filter>
    </ClInclude>
    <ClInclude Include="GeneratedFiles\ui_monitorlayerdialog.h">
      <Filter>Generated Files</Filter>
    </ClInclude>
    <ClInclude Include="Layers\monitorlayer.h">
      <Filter>Header Files\Layers</Filter>
    </ClInclude>
    <ClInclude Include="GeneratedFiles\ui_scripttextlayerdialog.h">
      <Filter>Generated Files</Filter>
    </ClInclude>
    <ClInclude Include="appsharedsegment.h">
      <Filter>Header Files</Filter>
    </ClInclude>
    <ClInclude Include="fraction.h">
      <Filter>Header Files</Filter>
    </ClInclude>
    <ClInclude Include="log.h">
      <Filter>Header Files</Filter>
    </ClInclude>
    <ClInclude Include="resource.h">
      <Filter>Header Files</Filter>
    </ClInclude>
    <ClInclude Include="constants.h">
      <Filter>Header Files</Filter>
    </ClInclude>
    <ClInclude Include="GeneratedFiles\ui_hitboxtargetsettingspage.h">
      <Filter>Generated Files</Filter>
    </ClInclude>
  </ItemGroup>
  <ItemGroup>
    <ResourceCompile Include="MishiraApp.rc" />
  </ItemGroup>
</Project>